{
  "requires": true,
  "lockfileVersion": 1,
  "dependencies": {
    "@types/cheerio": {
      "version": "0.22.23",
      "resolved": "https://registry.npmjs.org/@types/cheerio/-/cheerio-0.22.23.tgz",
      "integrity": "sha512-QfHLujVMlGqcS/ePSf3Oe5hK3H8wi/yN2JYuxSB1U10VvW1fO3K8C+mURQesFYS1Hn7lspOsTT75SKq/XtydQg==",
      "requires": {
        "@types/node": "*"
      }
    },
    "@types/enzyme": {
      "version": "3.10.8",
      "resolved": "https://registry.npmjs.org/@types/enzyme/-/enzyme-3.10.8.tgz",
      "integrity": "sha512-vlOuzqsTHxog6PV79+tvOHFb6hq4QZKMq1lLD9MaWD1oec2lHTKndn76XOpSwCA0oFTaIbKVPrgM3k78Jjd16g==",
      "requires": {
        "@types/cheerio": "*",
        "@types/react": "*"
      }
    },
    "@types/enzyme-adapter-react-16": {
      "version": "1.0.6",
      "resolved": "https://registry.npmjs.org/@types/enzyme-adapter-react-16/-/enzyme-adapter-react-16-1.0.6.tgz",
      "integrity": "sha512-VonDkZ15jzqDWL8mPFIQnnLtjwebuL9YnDkqeCDYnB4IVgwUm0mwKkqhrxLL6mb05xm7qqa3IE95m8CZE9imCg==",
      "requires": {
        "@types/enzyme": "*"
      }
    },
    "@types/node": {
      "version": "14.14.20",
      "resolved": "https://registry.npmjs.org/@types/node/-/node-14.14.20.tgz",
      "integrity": "sha512-Y93R97Ouif9JEOWPIUyU+eyIdyRqQR0I8Ez1dzku4hDx34NWh4HbtIc3WNzwB1Y9ULvNGeu5B8h8bVL5cAk4/A=="
    },
    "@types/prop-types": {
      "version": "15.7.3",
      "resolved": "https://registry.npmjs.org/@types/prop-types/-/prop-types-15.7.3.tgz",
      "integrity": "sha512-KfRL3PuHmqQLOG+2tGpRO26Ctg+Cq1E01D2DMriKEATHgWLfeNDmq9e29Q9WIky0dQ3NPkd1mzYH8Lm936Z9qw=="
    },
    "@types/react": {
      "version": "17.0.0",
      "resolved": "https://registry.npmjs.org/@types/react/-/react-17.0.0.tgz",
      "integrity": "sha512-aj/L7RIMsRlWML3YB6KZiXB3fV2t41+5RBGYF8z+tAKU43Px8C3cYUZsDvf1/+Bm4FK21QWBrDutu8ZJ/70qOw==",
      "requires": {
        "@types/prop-types": "*",
        "csstype": "^3.0.2"
      }
    },
    "@types/react-bootstrap": {
      "version": "0.32.25",
      "resolved": "https://registry.npmjs.org/@types/react-bootstrap/-/react-bootstrap-0.32.25.tgz",
      "integrity": "sha512-VTa6viz5L+uPblEiF2pZz/n425cC49hrjLTsiLySxf7fw+UkchkjpskrsOHRvC6cCgCAG9futRWvOOjD1IBQqQ==",
      "requires": {
        "@types/react": "*"
      }
    },
    "csstype": {
      "version": "3.0.6",
      "resolved": "https://registry.npmjs.org/csstype/-/csstype-3.0.6.tgz",
      "integrity": "sha512-+ZAmfyWMT7TiIlzdqJgjMb7S4f1beorDbWbsocyK4RaiqA5RTX3K14bnBWmmA9QEM0gRdsjyyrEmcyga8Zsxmw=="
    }
  }
}
